
Microsoft Visual Studio Solution File, Format Version 12.00
# Visual Studio 15
VisualStudioVersion = 15.0.27004.2009
MinimumVisualStudioVersion = 10.0.40219.1
Project("{FAE04EC0-301F-11D3-BF4B-00C04F79EFBC}") = "MicrosoftGraph_Security_API_Sample", "MicrosoftGraph_Security_API_Sample\MicrosoftGraph_Security_API_Sample.csproj", "{26148A63-47CC-4A3E-896D-12992A40A89A}"
EndProject

Global
	GlobalSection(SolutionConfigurationPlatforms) = preSolution
		Debug|Any CPU = Debug|Any CPU
		Release|Any CPU = Release|Any CPU
	EndGlobalSection
	GlobalSection(ProjectConfigurationPlatforms) = postSolution
		{26148A63-47CC-4A3E-896D-12992A40A89A}.Debug|Any CPU.ActiveCfg = Debug|Any CPU
		{26148A63-47CC-4A3E-896D-12992A40A89A}.Debug|Any CPU.Build.0 = Debug|Any CPU
		{26148A63-47CC-4A3E-896D-12992A40A89A}.Release|Any CPU.ActiveCfg = Release|Any CPU
		{26148A63-47CC-4A3E-896D-12992A40A89A}.Release|Any CPU.Build.0 = Release|Any CPU
		{32D08EF8-F711-477E-8BC2-71393AE1850F}.Debug|Any CPU.ActiveCfg = Debug|Any CPU
		{32D08EF8-F711-477E-8BC2-71393AE1850F}.Debug|Any CPU.Build.0 = Debug|Any CPU
		{32D08EF8-F711-477E-8BC2-71393AE1850F}.Release|Any CPU.ActiveCfg = Release|Any CPU
		{32D08EF8-F711-477E-8BC2-71393AE1850F}.Release|Any CPU.Build.0 = Release|Any CPU
	EndGlobalSection
	GlobalSection(SolutionProperties) = preSolution
		HideSolutionNode = FALSE
	EndGlobalSection
	GlobalSection(ExtensibilityGlobals) = postSolution
		SolutionGuid = {DDCF1020-2442-4E89-A7C0-5A88EDCFE272}
	EndGlobalSection
EndGlobal
